
Microsoft Visual Studio Solution File, Format Version 11.00
# Visual Studio 2010
Project("{F184B08F-C81C-45F6-A57F-5ABD9991F28F}") = "loginApplication", "loginApplication\loginApplication.vbproj", "{69480164-D469-426F-947B-A6A8B88B664C}"
EndProject
Global
	GlobalSection(SolutionConfigurationPlatforms) = preSolution
		Debug|x86 = Debug|x86
		Release|x86 = Release|x86
	EndGlobalSection
	GlobalSection(ProjectConfigurationPlatforms) = postSolution
		{69480164-D469-426F-947B-A6A8B88B664C}.Debug|x86.ActiveCfg = Debug|x86
		{69480164-D469-426F-947B-A6A8B88B664C}.Debug|x86.Build.0 = Debug|x86
		{69480164-D469-426F-947B-A6A8B88B664C}.Release|x86.ActiveCfg = Release|x86
		{69480164-D469-426F-947B-A6A8B88B664C}.Release|x86.Build.0 = Release|x86
	EndGlobalSection
	GlobalSection(SolutionProperties) = preSolution
		HideSolutionNode = FALSE
	EndGlobalSection
EndGlobal
